
Microsoft Visual Studio Solution File, Format Version 12.00
# Visual Studio 15
VisualStudioVersion = 15.0.26124.0
MinimumVisualStudioVersion = 15.0.26124.0
Project("{FAE04EC0-301F-11D3-BF4B-00C04F79EFBC}") = "AireLogic.ArtistData", "AireLogic.ArtistData\AireLogic.ArtistData.csproj", "{55A27F89-EB11-4977-B9C1-61510EF6C4CB}"
EndProject
Project("{FAE04EC0-301F-11D3-BF4B-00C04F79EFBC}") = "AireLogic.MusixMatch", "AireLogic.MusixMatch\AireLogic.MusixMatch.csproj", "{3B3F668E-07B1-476C-AD79-1669282D4136}"
EndProject
Project("{FAE04EC0-301F-11D3-BF4B-00C04F79EFBC}") = "AireLogic.ApiSeed", "AireLogic.ApiSeed\AireLogic.ApiSeed.csproj", "{B083E36F-2B6B-4A5A-96B7-3E0D4C68C975}"
EndProject
Project("{FAE04EC0-301F-11D3-BF4B-00C04F79EFBC}") = "AireLogic.ArtistData.ApiTest", "AireLogic.ArtistData.ApiTest\AireLogic.ArtistData.ApiTest.csproj", "{2BA219F6-0C93-47A6-99AA-F17DA33EFA34}"
EndProject
Project("{FAE04EC0-301F-11D3-BF4B-00C04F79EFBC}") = "AireLogic.ArtistData.Test", "AireLogic.ArtistData.Test\AireLogic.ArtistData.Test.csproj", "{0EB4FC5D-8CBB-4EF5-9004-2EF6D1309F79}"
EndProject
Global
	GlobalSection(SolutionConfigurationPlatforms) = preSolution
		Debug|Any CPU = Debug|Any CPU
		Debug|x64 = Debug|x64
		Debug|x86 = Debug|x86
		Release|Any CPU = Release|Any CPU
		Release|x64 = Release|x64
		Release|x86 = Release|x86
	EndGlobalSection
	GlobalSection(SolutionProperties) = preSolution
		HideSolutionNode = FALSE
	EndGlobalSection
	GlobalSection(ProjectConfigurationPlatforms) = postSolution
		{55A27F89-EB11-4977-B9C1-61510EF6C4CB}.Debug|Any CPU.ActiveCfg = Debug|Any CPU
		{55A27F89-EB11-4977-B9C1-61510EF6C4CB}.Debug|Any CPU.Build.0 = Debug|Any CPU
		{55A27F89-EB11-4977-B9C1-61510EF6C4CB}.Debug|x64.ActiveCfg = Debug|Any CPU
		{55A27F89-EB11-4977-B9C1-61510EF6C4CB}.Debug|x64.Build.0 = Debug|Any CPU
		{55A27F89-EB11-4977-B9C1-61510EF6C4CB}.Debug|x86.ActiveCfg = Debug|Any CPU
		{55A27F89-EB11-4977-B9C1-61510EF6C4CB}.Debug|x86.Build.0 = Debug|Any CPU
		{55A27F89-EB11-4977-B9C1-61510EF6C4CB}.Release|Any CPU.ActiveCfg = Release|Any CPU
		{55A27F89-EB11-4977-B9C1-61510EF6C4CB}.Release|Any CPU.Build.0 = Release|Any CPU
		{55A27F89-EB11-4977-B9C1-61510EF6C4CB}.Release|x64.ActiveCfg = Release|Any CPU
		{55A27F89-EB11-4977-B9C1-61510EF6C4CB}.Release|x64.Build.0 = Release|Any CPU
		{55A27F89-EB11-4977-B9C1-61510EF6C4CB}.Release|x86.ActiveCfg = Release|Any CPU
		{55A27F89-EB11-4977-B9C1-61510EF6C4CB}.Release|x86.Build.0 = Release|Any CPU
		{3B3F668E-07B1-476C-AD79-1669282D4136}.Debug|Any CPU.ActiveCfg = Debug|Any CPU
		{3B3F668E-07B1-476C-AD79-1669282D4136}.Debug|Any CPU.Build.0 = Debug|Any CPU
		{3B3F668E-07B1-476C-AD79-1669282D4136}.Debug|x64.ActiveCfg = Debug|Any CPU
		{3B3F668E-07B1-476C-AD79-1669282D4136}.Debug|x64.Build.0 = Debug|Any CPU
		{3B3F668E-07B1-476C-AD79-1669282D4136}.Debug|x86.ActiveCfg = Debug|Any CPU
		{3B3F668E-07B1-476C-AD79-1669282D4136}.Debug|x86.Build.0 = Debug|Any CPU
		{3B3F668E-07B1-476C-AD79-1669282D4136}.Release|Any CPU.ActiveCfg = Release|Any CPU
		{3B3F668E-07B1-476C-AD79-1669282D4136}.Release|Any CPU.Build.0 = Release|Any CPU
		{3B3F668E-07B1-476C-AD79-1669282D4136}.Release|x64.ActiveCfg = Release|Any CPU
		{3B3F668E-07B1-476C-AD79-1669282D4136}.Release|x64.Build.0 = Release|Any CPU
		{3B3F668E-07B1-476C-AD79-1669282D4136}.Release|x86.ActiveCfg = Release|Any CPU
		{3B3F668E-07B1-476C-AD79-1669282D4136}.Release|x86.Build.0 = Release|Any CPU
		{B083E36F-2B6B-4A5A-96B7-3E0D4C68C975}.Debug|Any CPU.ActiveCfg = Debug|Any CPU
		{B083E36F-2B6B-4A5A-96B7-3E0D4C68C975}.Debug|Any CPU.Build.0 = Debug|Any CPU
		{B083E36F-2B6B-4A5A-96B7-3E0D4C68C975}.Debug|x64.ActiveCfg = Debug|Any CPU
		{B083E36F-2B6B-4A5A-96B7-3E0D4C68C975}.Debug|x64.Build.0 = Debug|Any CPU
		{B083E36F-2B6B-4A5A-96B7-3E0D4C68C975}.Debug|x86.ActiveCfg = Debug|Any CPU
		{B083E36F-2B6B-4A5A-96B7-3E0D4C68C975}.Debug|x86.Build.0 = Debug|Any CPU
		{B083E36F-2B6B-4A5A-96B7-3E0D4C68C975}.Release|Any CPU.ActiveCfg = Release|Any CPU
		{B083E36F-2B6B-4A5A-96B7-3E0D4C68C975}.Release|Any CPU.Build.0 = Release|Any CPU
		{B083E36F-2B6B-4A5A-96B7-3E0D4C68C975}.Release|x64.ActiveCfg = Release|Any CPU
		{B083E36F-2B6B-4A5A-96B7-3E0D4C68C975}.Release|x64.Build.0 = Release|Any CPU
		{B083E36F-2B6B-4A5A-96B7-3E0D4C68C975}.Release|x86.ActiveCfg = Release|Any CPU
		{B083E36F-2B6B-4A5A-96B7-3E0D4C68C975}.Release|x86.Build.0 = Release|Any CPU
		{2BA219F6-0C93-47A6-99AA-F17DA33EFA34}.Debug|Any CPU.ActiveCfg = Debug|Any CPU
		{2BA219F6-0C93-47A6-99AA-F17DA33EFA34}.Debug|Any CPU.Build.0 = Debug|Any CPU
		{2BA219F6-0C93-47A6-99AA-F17DA33EFA34}.Debug|x64.ActiveCfg = Debug|Any CPU
		{2BA219F6-0C93-47A6-99AA-F17DA33EFA34}.Debug|x64.Build.0 = Debug|Any CPU
		{2BA219F6-0C93-47A6-99AA-F17DA33EFA34}.Debug|x86.ActiveCfg = Debug|Any CPU
		{2BA219F6-0C93-47A6-99AA-F17DA33EFA34}.Debug|x86.Build.0 = Debug|Any CPU
		{2BA219F6-0C93-47A6-99AA-F17DA33EFA34}.Release|Any CPU.ActiveCfg = Release|Any CPU
		{2BA219F6-0C93-47A6-99AA-F17DA33EFA34}.Release|Any CPU.Build.0 = Release|Any CPU
		{2BA219F6-0C93-47A6-99AA-F17DA33EFA34}.Release|x64.ActiveCfg = Release|Any CPU
		{2BA219F6-0C93-47A6-99AA-F17DA33EFA34}.Release|x64.Build.0 = Release|Any CPU
		{2BA219F6-0C93-47A6-99AA-F17DA33EFA34}.Release|x86.ActiveCfg = Release|Any CPU
		{2BA219F6-0C93-47A6-99AA-F17DA33EFA34}.Release|x86.Build.0 = Release|Any CPU
		{0EB4FC5D-8CBB-4EF5-9004-2EF6D1309F79}.Debug|Any CPU.ActiveCfg = Debug|Any CPU
		{0EB4FC5D-8CBB-4EF5-9004-2EF6D1309F79}.Debug|Any CPU.Build.0 = Debug|Any CPU
		{0EB4FC5D-8CBB-4EF5-9004-2EF6D1309F79}.Debug|x64.ActiveCfg = Debug|Any CPU
		{0EB4FC5D-8CBB-4EF5-9004-2EF6D1309F79}.Debug|x64.Build.0 = Debug|Any CPU
		{0EB4FC5D-8CBB-4EF5-9004-2EF6D1309F79}.Debug|x86.ActiveCfg = Debug|Any CPU
		{0EB4FC5D-8CBB-4EF5-9004-2EF6D1309F79}.Debug|x86.Build.0 = Debug|Any CPU
		{0EB4FC5D-8CBB-4EF5-9004-2EF6D1309F79}.Release|Any CPU.ActiveCfg = Release|Any CPU
		{0EB4FC5D-8CBB-4EF5-9004-2EF6D1309F79}.Release|Any CPU.Build.0 = Release|Any CPU
		{0EB4FC5D-8CBB-4EF5-9004-2EF6D1309F79}.Release|x64.ActiveCfg = Release|Any CPU
		{0EB4FC5D-8CBB-4EF5-9004-2EF6D1309F79}.Release|x64.Build.0 = Release|Any CPU
		{0EB4FC5D-8CBB-4EF5-9004-2EF6D1309F79}.Release|x86.ActiveCfg = Release|Any CPU
		{0EB4FC5D-8CBB-4EF5-9004-2EF6D1309F79}.Release|x86.Build.0 = Release|Any CPU
	EndGlobalSection
EndGlobal
